// !$*UTF8*$!
{
	archiveVersion = 1;
	classes = {
	};
	objectVersion = 77;
	objects = {

/* Begin PBXBuildFile section */
		EC709F232CD42852004270AC /* MapboxMaps in Frameworks */ = {isa = PBXBuildFile; productRef = EC709F222CD42852004270AC /* MapboxMaps */; };
/* End PBXBuildFile section */

/* Begin PBXContainerItemProxy section */
		EC709EFD2CD42763004270AC /* PBXContainerItemProxy */ = {
			isa = PBXContainerItemProxy;
			containerPortal = EC709EE42CD42761004270AC /* Project object */;
			proxyType = 1;
			remoteGlobalIDString = EC709EEB2CD42761004270AC;
			remoteInfo = MapboxScratchpad;
		};
		EC709F072CD42763004270AC /* PBXContainerItemProxy */ = {
			isa = PBXContainerItemProxy;
			containerPortal = EC709EE42CD42761004270AC /* Project object */;
			proxyType = 1;
			remoteGlobalIDString = EC709EEB2CD42761004270AC;
			remoteInfo = MapboxScratchpad;
		};
/* End PBXContainerItemProxy section */

/* Begin PBXFileReference section */
		EC709EEC2CD42761004270AC /* MapboxScratchpad.app */ = {isa = PBXFileReference; explicitFileType = wrapper.application; includeInIndex = 0; path = MapboxScratchpad.app; sourceTree = BUILT_PRODUCTS_DIR; };
		EC709EFC2CD42763004270AC /* MapboxScratchpadTests.xctest */ = {isa = PBXFileReference; explicitFileType = wrapper.cfbundle; includeInIndex = 0; path = MapboxScratchpadTests.xctest; sourceTree = BUILT_PRODUCTS_DIR; };
		EC709F062CD42763004270AC /* MapboxScratchpadUITests.xctest */ = {isa = PBXFileReference; explicitFileType = wrapper.cfbundle; includeInIndex = 0; path = MapboxScratchpadUITests.xctest; sourceTree = BUILT_PRODUCTS_DIR; };
/* End PBXFileReference section */

/* Begin PBXFileSystemSynchronizedBuildFileExceptionSet section */
		EC709F1A2CD427B6004270AC /* Exceptions for "MapboxScratchpad" folder in "MapboxScratchpad" target */ = {
			isa = PBXFileSystemSynchronizedBuildFileExceptionSet;
			membershipExceptions = (
				Info.plist,
			);
			target = EC709EEB2CD42761004270AC /* MapboxScratchpad */;
		};
/* End PBXFileSystemSynchronizedBuildFileExceptionSet section */

/* Begin PBXFileSystemSynchronizedRootGroup section */
		EC709EEE2CD42761004270AC /* MapboxScratchpad */ = {
			isa = PBXFileSystemSynchronizedRootGroup;
			exceptions = (
				EC709F1A2CD427B6004270AC /* Exceptions for "MapboxScratchpad" folder in "MapboxScratchpad" target */,
			);
			path = MapboxScratchpad;
			sourceTree = "<group>";
		};
		EC709EFF2CD42763004270AC /* MapboxScratchpadTests */ = {
			isa = PBXFileSystemSynchronizedRootGroup;
			path = MapboxScratchpadTests;
			sourceTree = "<group>";
		};
		EC709F092CD42763004270AC /* MapboxScratchpadUITests */ = {
			isa = PBXFileSystemSynchronizedRootGroup;
			path = MapboxScratchpadUITests;
			sourceTree = "<group>";
		};
/* End PBXFileSystemSynchronizedRootGroup section */

/* Begin PBXFrameworksBuildPhase section */
		EC709EE92CD42761004270AC /* Frameworks */ = {
			isa = PBXFrameworksBuildPhase;
			buildActionMask = 2147483647;
			files = (
				EC709F232CD42852004270AC /* MapboxMaps in Frameworks */,
			);
			runOnlyForDeploymentPostprocessing = 0;
		};
		EC709EF92CD42763004270AC /* Frameworks */ = {
			isa = PBXFrameworksBuildPhase;
			buildActionMask = 2147483647;
			files = (
			);
			runOnlyForDeploymentPostprocessing = 0;
		};
		EC709F032CD42763004270AC /* Frameworks */ = {
			isa = PBXFrameworksBuildPhase;
			buildActionMask = 2147483647;
			files = (
			);
			runOnlyForDeploymentPostprocessing = 0;
		};
/* End PBXFrameworksBuildPhase section */

/* Begin PBXGroup section */
		EC709EE32CD42761004270AC = {
			isa = PBXGroup;
			children = (
				EC709EEE2CD42761004270AC /* MapboxScratchpad */,
				EC709EFF2CD42763004270AC /* MapboxScratchpadTests */,
				EC709F092CD42763004270AC /* MapboxScratchpadUITests */,
				EC709EED2CD42761004270AC /* Products */,
			);
			sourceTree = "<group>";
		};
		EC709EED2CD42761004270AC /* Products */ = {
			isa = PBXGroup;
			children = (
				EC709EEC2CD42761004270AC /* MapboxScratchpad.app */,
				EC709EFC2CD42763004270AC /* MapboxScratchpadTests.xctest */,
				EC709F062CD42763004270AC /* MapboxScratchpadUITests.xctest */,
			);
			name = Products;
			sourceTree = "<group>";
		};
/* End PBXGroup section */

/* Begin PBXNativeTarget section */
		EC709EEB2CD42761004270AC /* MapboxScratchpad */ = {
			isa = PBXNativeTarget;
			buildConfigurationList = EC709F102CD42763004270AC /* Build configuration list for PBXNativeTarget "MapboxScratchpad" */;
			buildPhases = (
				EC709EE82CD42761004270AC /* Sources */,
				EC709EE92CD42761004270AC /* Frameworks */,
				EC709EEA2CD42761004270AC /* Resources */,
			);
			buildRules = (
			);
			dependencies = (
			);
			fileSystemSynchronizedGroups = (
				EC709EEE2CD42761004270AC /* MapboxScratchpad */,
			);
			name = MapboxScratchpad;
			packageProductDependencies = (
				EC709F222CD42852004270AC /* MapboxMaps */,
			);
			productName = MapboxScratchpad;
			productReference = EC709EEC2CD42761004270AC /* MapboxScratchpad.app */;
			productType = "com.apple.product-type.application";
		};
		EC709EFB2CD42763004270AC /* MapboxScratchpadTests */ = {
			isa = PBXNativeTarget;
			buildConfigurationList = EC709F132CD42763004270AC /* Build configuration list for PBXNativeTarget "MapboxScratchpadTests" */;
			buildPhases = (
				EC709EF82CD42763004270AC /* Sources */,
				EC709EF92CD42763004270AC /* Frameworks */,
				EC709EFA2CD42763004270AC /* Resources */,
			);
			buildRules = (
			);
			dependencies = (
				EC709EFE2CD42763004270AC /* PBXTargetDependency */,
			);
			fileSystemSynchronizedGroups = (
				EC709EFF2CD42763004270AC /* MapboxScratchpadTests */,
			);
			name = MapboxScratchpadTests;
			packageProductDependencies = (
			);
			productName = MapboxScratchpadTests;
			productReference = EC709EFC2CD42763004270AC /* MapboxScratchpadTests.xctest */;
			productType = "com.apple.product-type.bundle.unit-test";
		};
		EC709F052CD42763004270AC /* MapboxScratchpadUITests */ = {
			isa = PBXNativeTarget;
			buildConfigurationList = EC709F162CD42763004270AC /* Build configuration list for PBXNativeTarget "MapboxScratchpadUITests" */;
			buildPhases = (
				EC709F022CD42763004270AC /* Sources */,
				EC709F032CD42763004270AC /* Frameworks */,
				EC709F042CD42763004270AC /* Resources */,
			);
			buildRules = (
			);
			dependencies = (
				EC709F082CD42763004270AC /* PBXTargetDependency */,
			);
			fileSystemSynchronizedGroups = (
				EC709F092CD42763004270AC /* MapboxScratchpadUITests */,
			);
			name = MapboxScratchpadUITests;
			packageProductDependencies = (
			);
			productName = MapboxScratchpadUITests;
			productReference = EC709F062CD42763004270AC /* MapboxScratchpadUITests.xctest */;
			productType = "com.apple.product-type.bundle.ui-testing";
		};
/* End PBXNativeTarget section */

/* Begin PBXProject section */
		EC709EE42CD42761004270AC /* Project object */ = {
			isa = PBXProject;
			attributes = {
				BuildIndependentTargetsInParallel = 1;
				LastSwiftUpdateCheck = 1610;
				LastUpgradeCheck = 1610;
				TargetAttributes = {
					EC709EEB2CD42761004270AC = {
						CreatedOnToolsVersion = 16.1;
					};
					EC709EFB2CD42763004270AC = {
						CreatedOnToolsVersion = 16.1;
						TestTargetID = EC709EEB2CD42761004270AC;
					};
					EC709F052CD42763004270AC = {
						CreatedOnToolsVersion = 16.1;
						TestTargetID = EC709EEB2CD42761004270AC;
					};
				};
			};
			buildConfigurationList = EC709EE72CD42761004270AC /* Build configuration list for PBXProject "MapboxScratchpad" */;
			developmentRegion = en;
			hasScannedForEncodings = 0;
			knownRegions = (
				en,
				Base,
			);
			mainGroup = EC709EE32CD42761004270AC;
			minimizedProjectReferenceProxies = 1;
			packageReferences = (
				EC709F212CD42852004270AC /* XCRemoteSwiftPackageReference "mapbox-maps-ios" */,
			);
			preferredProjectObjectVersion = 77;
			productRefGroup = EC709EED2CD42761004270AC /* Products */;
			projectDirPath = "";
			projectRoot = "";
			targets = (
				EC709EEB2CD42761004270AC /* MapboxScratchpad */,
				EC709EFB2CD42763004270AC /* MapboxScratchpadTests */,
				EC709F052CD42763004270AC /* MapboxScratchpadUITests */,
			);
		};
/* End PBXProject section */

/* Begin PBXResourcesBuildPhase section */
		EC709EEA2CD42761004270AC /* Resources */ = {
			isa = PBXResourcesBuildPhase;
			buildActionMask = 2147483647;
			files = (
			);
			runOnlyForDeploymentPostprocessing = 0;
		};
		EC709EFA2CD42763004270AC /* Resources */ = {
			isa = PBXResourcesBuildPhase;
			buildActionMask = 2147483647;
			files = (
			);
			runOnlyForDeploymentPostprocessing = 0;
		};
		EC709F042CD42763004270AC /* Resources */ = {
			isa = PBXResourcesBuildPhase;
			buildActionMask = 2147483647;
			files = (
			);
			runOnlyForDeploymentPostprocessing = 0;
		};
/* End PBXResourcesBuildPhase section */

/* Begin PBXSourcesBuildPhase section */
		EC709EE82CD42761004270AC /* Sources */ = {
			isa = PBXSourcesBuildPhase;
			buildActionMask = 2147483647;
			files = (
			);
			runOnlyForDeploymentPostprocessing = 0;
		};
		EC709EF82CD42763004270AC /* Sources */ = {
			isa = PBXSourcesBuildPhase;
			buildActionMask = 2147483647;
			files = (
			);
			runOnlyForDeploymentPostprocessing = 0;
		};
		EC709F022CD42763004270AC /* Sources */ = {
			isa = PBXSourcesBuildPhase;
			buildActionMask = 2147483647;
			files = (
			);
			runOnlyForDeploymentPostprocessing = 0;
		};
/* End PBXSourcesBuildPhase section */

/* Begin PBXTargetDependency section */
		EC709EFE2CD42763004270AC /* PBXTargetDependency */ = {
			isa = PBXTargetDependency;
			target = EC709EEB2CD42761004270AC /* MapboxScratchpad */;
			targetProxy = EC709EFD2CD42763004270AC /* PBXContainerItemProxy */;
		};
		EC709F082CD42763004270AC /* PBXTargetDependency */ = {
			isa = PBXTargetDependency;
			target = EC709EEB2CD42761004270AC /* MapboxScratchpad */;
			targetProxy = EC709F072CD42763004270AC /* PBXContainerItemProxy */;
		};
/* End PBXTargetDependency section */

/* Begin XCBuildConfiguration section */
		EC709F0E2CD42763004270AC /* Debug */ = {
			isa = XCBuildConfiguration;
			buildSettings = {
				ALWAYS_SEARCH_USER_PATHS = NO;
				ASSETCATALOG_COMPILER_GENERATE_SWIFT_ASSET_SYMBOL_EXTENSIONS = YES;
				CLANG_ANALYZER_NONNULL = YES;
				CLANG_ANALYZER_NUMBER_OBJECT_CONVERSION = YES_AGGRESSIVE;
				CLANG_CXX_LANGUAGE_STANDARD = "gnu++20";
				CLANG_ENABLE_MODULES = YES;
				CLANG_ENABLE_OBJC_ARC = YES;
				CLANG_ENABLE_OBJC_WEAK = YES;
				CLANG_WARN_BLOCK_CAPTURE_AUTORELEASING = YES;
				CLANG_WARN_BOOL_CONVERSION = YES;
				CLANG_WARN_COMMA = YES;
				CLANG_WARN_CONSTANT_CONVERSION = YES;
				CLANG_WARN_DEPRECATED_OBJC_IMPLEMENTATIONS = YES;
				CLANG_WARN_DIRECT_OBJC_ISA_USAGE = YES_ERROR;
				CLANG_WARN_DOCUMENTATION_COMMENTS = YES;
				CLANG_WARN_EMPTY_BODY = YES;
				CLANG_WARN_ENUM_CONVERSION = YES;
				CLANG_WARN_INFINITE_RECURSION = YES;
				CLANG_WARN_INT_CONVERSION = YES;
				CLANG_WARN_NON_LITERAL_NULL_CONVERSION = YES;
				CLANG_WARN_OBJC_IMPLICIT_RETAIN_SELF = YES;
				CLANG_WARN_OBJC_LITERAL_CONVERSION = YES;
				CLANG_WARN_OBJC_ROOT_CLASS = YES_ERROR;
				CLANG_WARN_QUOTED_INCLUDE_IN_FRAMEWORK_HEADER = YES;
				CLANG_WARN_RANGE_LOOP_ANALYSIS = YES;
				CLANG_WARN_STRICT_PROTOTYPES = YES;
				CLANG_WARN_SUSPICIOUS_MOVE = YES;
				CLANG_WARN_UNGUARDED_AVAILABILITY = YES_AGGRESSIVE;
				CLANG_WARN_UNREACHABLE_CODE = YES;
				CLANG_WARN__DUPLICATE_METHOD_MATCH = YES;
				COPY_PHASE_STRIP = NO;
				DEBUG_INFORMATION_FORMAT = dwarf;
				ENABLE_STRICT_OBJC_MSGSEND = YES;
				ENABLE_TESTABILITY = YES;
				ENABLE_USER_SCRIPT_SANDBOXING = YES;
				GCC_C_LANGUAGE_STANDARD = gnu17;
				GCC_DYNAMIC_NO_PIC = NO;
				GCC_NO_COMMON_BLOCKS = YES;
				GCC_OPTIMIZATION_LEVEL = 0;
				GCC_PREPROCESSOR_DEFINITIONS = (
					"DEBUG=1",
					"$(inherited)",
				);
				GCC_WARN_64_TO_32_BIT_CONVERSION = YES;
				GCC_WARN_ABOUT_RETURN_TYPE = YES_ERROR;
				GCC_WARN_UNDECLARED_SELECTOR = YES;
				GCC_WARN_UNINITIALIZED_AUTOS = YES_AGGRESSIVE;
				GCC_WARN_UNUSED_FUNCTION = YES;
				GCC_WARN_UNUSED_VARIABLE = YES;
				IPHONEOS_DEPLOYMENT_TARGET = 18.1;
				LOCALIZATION_PREFERS_STRING_CATALOGS = YES;
				MTL_ENABLE_DEBUG_INFO = INCLUDE_SOURCE;
				MTL_FAST_MATH = YES;
				ONLY_ACTIVE_ARCH = YES;
				SDKROOT = iphoneos;
				SWIFT_ACTIVE_COMPILATION_CONDITIONS = "DEBUG $(inherited)";
				SWIFT_OPTIMIZATION_LEVEL = "-Onone";
			};
			name = Debug;
		};
		EC709F0F2CD42763004270AC /* Release */ = {
			isa = XCBuildConfiguration;
			buildSettings = {
				ALWAYS_SEARCH_USER_PATHS = NO;
				ASSETCATALOG_COMPILER_GENERATE_SWIFT_ASSET_SYMBOL_EXTENSIONS = YES;
				CLANG_ANALYZER_NONNULL = YES;
				CLANG_ANALYZER_NUMBER_OBJECT_CONVERSION = YES_AGGRESSIVE;
				CLANG_CXX_LANGUAGE_STANDARD = "gnu++20";
				CLANG_ENABLE_MODULES = YES;
				CLANG_ENABLE_OBJC_ARC = YES;
				CLANG_ENABLE_OBJC_WEAK = YES;
				CLANG_WARN_BLOCK_CAPTURE_AUTORELEASING = YES;
				CLANG_WARN_BOOL_CONVERSION = YES;
				CLANG_WARN_COMMA = YES;
				CLANG_WARN_CONSTANT_CONVERSION = YES;
				CLANG_WARN_DEPRECATED_OBJC_IMPLEMENTATIONS = YES;
				CLANG_WARN_DIRECT_OBJC_ISA_USAGE = YES_ERROR;
				CLANG_WARN_DOCUMENTATION_COMMENTS = YES;
				CLANG_WARN_EMPTY_BODY = YES;
				CLANG_WARN_ENUM_CONVERSION = YES;
				CLANG_WARN_INFINITE_RECURSION = YES;
				CLANG_WARN_INT_CONVERSION = YES;
				CLANG_WARN_NON_LITERAL_NULL_CONVERSION = YES;
				CLANG_WARN_OBJC_IMPLICIT_RETAIN_SELF = YES;
				CLANG_WARN_OBJC_LITERAL_CONVERSION = YES;
				CLANG_WARN_OBJC_ROOT_CLASS = YES_ERROR;
				CLANG_WARN_QUOTED_INCLUDE_IN_FRAMEWORK_HEADER = YES;
				CLANG_WARN_RANGE_LOOP_ANALYSIS = YES;
				CLANG_WARN_STRICT_PROTOTYPES = YES;
				CLANG_WARN_SUSPICIOUS_MOVE = YES;
				CLANG_WARN_UNGUARDED_AVAILABILITY = YES_AGGRESSIVE;
				CLANG_WARN_UNREACHABLE_CODE = YES;
				CLANG_WARN__DUPLICATE_METHOD_MATCH = YES;
				COPY_PHASE_STRIP = NO;
				DEBUG_INFORMATION_FORMAT = "dwarf-with-dsym";
				ENABLE_NS_ASSERTIONS = NO;
				ENABLE_STRICT_OBJC_MSGSEND = YES;
				ENABLE_USER_SCRIPT_SANDBOXING = YES;
				GCC_C_LANGUAGE_STANDARD = gnu17;
				GCC_NO_COMMON_BLOCKS = YES;
				GCC_WARN_64_TO_32_BIT_CONVERSION = YES;
				GCC_WARN_ABOUT_RETURN_TYPE = YES_ERROR;
				GCC_WARN_UNDECLARED_SELECTOR = YES;
				GCC_WARN_UNINITIALIZED_AUTOS = YES_AGGRESSIVE;
				GCC_WARN_UNUSED_FUNCTION = YES;
				GCC_WARN_UNUSED_VARIABLE = YES;
				IPHONEOS_DEPLOYMENT_TARGET = 18.1;
				LOCALIZATION_PREFERS_STRING_CATALOGS = YES;
				MTL_ENABLE_DEBUG_INFO = NO;
				MTL_FAST_MATH = YES;
				SDKROOT = iphoneos;
				SWIFT_COMPILATION_MODE = wholemodule;
				VALIDATE_PRODUCT = YES;
			};
			name = Release;
		};
		EC709F112CD42763004270AC /* Debug */ = {
			isa = XCBuildConfiguration;
			buildSettings = {
				ASSETCATALOG_COMPILER_APPICON_NAME = AppIcon;
				ASSETCATALOG_COMPILER_GLOBAL_ACCENT_COLOR_NAME = AccentColor;
				CODE_SIGN_STYLE = Automatic;
				CURRENT_PROJECT_VERSION = 1;
				DEVELOPMENT_ASSET_PATHS = "\"MapboxScratchpad/Preview Content\"";
				DEVELOPMENT_TEAM = 347326F34P;
				ENABLE_PREVIEWS = YES;
				GENERATE_INFOPLIST_FILE = YES;
				INFOPLIST_FILE = MapboxScratchpad/Info.plist;
				INFOPLIST_KEY_UIApplicationSceneManifest_Generation = YES;
				INFOPLIST_KEY_UIApplicationSupportsIndirectInputEvents = YES;
				INFOPLIST_KEY_UILaunchScreen_Generation = YES;
				INFOPLIST_KEY_UISupportedInterfaceOrientations_iPad = "UIInterfaceOrientationPortrait UIInterfaceOrientationPortraitUpsideDown UIInterfaceOrientationLandscapeLeft UIInterfaceOrientationLandscapeRight";
				INFOPLIST_KEY_UISupportedInterfaceOrientations_iPhone = "UIInterfaceOrientationPortrait UIInterfaceOrientationLandscapeLeft UIInterfaceOrientationLandscapeRight";
				LD_RUNPATH_SEARCH_PATHS = (
					"$(inherited)",
					"@executable_path/Frameworks",
				);
				MARKETING_VERSION = 1.0;
				PRODUCT_BUNDLE_IDENTIFIER = gaiagpsiOS.MapboxScratchpad;
				PRODUCT_NAME = "$(TARGET_NAME)";
				SWIFT_EMIT_LOC_STRINGS = YES;
				SWIFT_VERSION = 5.0;
				TARGETED_DEVICE_FAMILY = "1,2";
			};
			name = Debug;
		};
		EC709F122CD42763004270AC /* Release */ = {
			isa = XCBuildConfiguration;
			buildSettings = {
				ASSETCATALOG_COMPILER_APPICON_NAME = AppIcon;
				ASSETCATALOG_COMPILER_GLOBAL_ACCENT_COLOR_NAME = AccentColor;
				CODE_SIGN_STYLE = Automatic;
				CURRENT_PROJECT_VERSION = 1;
				DEVELOPMENT_ASSET_PATHS = "\"MapboxScratchpad/Preview Content\"";
				DEVELOPMENT_TEAM = 347326F34P;
				ENABLE_PREVIEWS = YES;
				GENERATE_INFOPLIST_FILE = YES;
				INFOPLIST_FILE = MapboxScratchpad/Info.plist;
				INFOPLIST_KEY_UIApplicationSceneManifest_Generation = YES;
				INFOPLIST_KEY_UIApplicationSupportsIndirectInputEvents = YES;
				INFOPLIST_KEY_UILaunchScreen_Generation = YES;
				INFOPLIST_KEY_UISupportedInterfaceOrientations_iPad = "UIInterfaceOrientationPortrait UIInterfaceOrientationPortraitUpsideDown UIInterfaceOrientationLandscapeLeft UIInterfaceOrientationLandscapeRight";
				INFOPLIST_KEY_UISupportedInterfaceOrientations_iPhone = "UIInterfaceOrientationPortrait UIInterfaceOrientationLandscapeLeft UIInterfaceOrientationLandscapeRight";
				LD_RUNPATH_SEARCH_PATHS = (
					"$(inherited)",
					"@executable_path/Frameworks",
				);
				MARKETING_VERSION = 1.0;
				PRODUCT_BUNDLE_IDENTIFIER = gaiagpsiOS.MapboxScratchpad;
				PRODUCT_NAME = "$(TARGET_NAME)";
				SWIFT_EMIT_LOC_STRINGS = YES;
				SWIFT_VERSION = 5.0;
				TARGETED_DEVICE_FAMILY = "1,2";
			};
			name = Release;
		};
		EC709F142CD42763004270AC /* Debug */ = {
			isa = XCBuildConfiguration;
			buildSettings = {
				BUNDLE_LOADER = "$(TEST_HOST)";
				CODE_SIGN_STYLE = Automatic;
				CURRENT_PROJECT_VERSION = 1;
				DEVELOPMENT_TEAM = 347326F34P;
				GENERATE_INFOPLIST_FILE = YES;
				IPHONEOS_DEPLOYMENT_TARGET = 18.1;
				MARKETING_VERSION = 1.0;
				PRODUCT_BUNDLE_IDENTIFIER = gaiagpsiOS.MapboxScratchpadTests;
				PRODUCT_NAME = "$(TARGET_NAME)";
				SWIFT_EMIT_LOC_STRINGS = NO;
				SWIFT_VERSION = 5.0;
				TARGETED_DEVICE_FAMILY = "1,2";
				TEST_HOST = "$(BUILT_PRODUCTS_DIR)/MapboxScratchpad.app/$(BUNDLE_EXECUTABLE_FOLDER_PATH)/MapboxScratchpad";
			};
			name = Debug;
		};
		EC709F152CD42763004270AC /* Release */ = {
			isa = XCBuildConfiguration;
			buildSettings = {
				BUNDLE_LOADER = "$(TEST_HOST)";
				CODE_SIGN_STYLE = Automatic;
				CURRENT_PROJECT_VERSION = 1;
				DEVELOPMENT_TEAM = 347326F34P;
				GENERATE_INFOPLIST_FILE = YES;
				IPHONEOS_DEPLOYMENT_TARGET = 18.1;
				MARKETING_VERSION = 1.0;
				PRODUCT_BUNDLE_IDENTIFIER = gaiagpsiOS.MapboxScratchpadTests;
				PRODUCT_NAME = "$(TARGET_NAME)";
				SWIFT_EMIT_LOC_STRINGS = NO;
				SWIFT_VERSION = 5.0;
				TARGETED_DEVICE_FAMILY = "1,2";
				TEST_HOST = "$(BUILT_PRODUCTS_DIR)/MapboxScratchpad.app/$(BUNDLE_EXECUTABLE_FOLDER_PATH)/MapboxScratchpad";
			};
			name = Release;
		};
		EC709F172CD42763004270AC /* Debug */ = {
			isa = XCBuildConfiguration;
			buildSettings = {
				CODE_SIGN_STYLE = Automatic;
				CURRENT_PROJECT_VERSION = 1;
				DEVELOPMENT_TEAM = 347326F34P;
				GENERATE_INFOPLIST_FILE = YES;
				MARKETING_VERSION = 1.0;
				PRODUCT_BUNDLE_IDENTIFIER = gaiagpsiOS.MapboxScratchpadUITests;
				PRODUCT_NAME = "$(TARGET_NAME)";
				SWIFT_EMIT_LOC_STRINGS = NO;
				SWIFT_VERSION = 5.0;
				TARGETED_DEVICE_FAMILY = "1,2";
				TEST_TARGET_NAME = MapboxScratchpad;
			};
			name = Debug;
		};
		EC709F182CD42763004270AC /* Release */ = {
			isa = XCBuildConfiguration;
			buildSettings = {
				CODE_SIGN_STYLE = Automatic;
				CURRENT_PROJECT_VERSION = 1;
				DEVELOPMENT_TEAM = 347326F34P;
				GENERATE_INFOPLIST_FILE = YES;
				MARKETING_VERSION = 1.0;
				PRODUCT_BUNDLE_IDENTIFIER = gaiagpsiOS.MapboxScratchpadUITests;
				PRODUCT_NAME = "$(TARGET_NAME)";
				SWIFT_EMIT_LOC_STRINGS = NO;
				SWIFT_VERSION = 5.0;
				TARGETED_DEVICE_FAMILY = "1,2";
				TEST_TARGET_NAME = MapboxScratchpad;
			};
			name = Release;
		};
/* End XCBuildConfiguration section */

/* Begin XCConfigurationList section */
		EC709EE72CD42761004270AC /* Build configuration list for PBXProject "MapboxScratchpad" */ = {
			isa = XCConfigurationList;
			buildConfigurations = (
				EC709F0E2CD42763004270AC /* Debug */,
				EC709F0F2CD42763004270AC /* Release */,
			);
			defaultConfigurationIsVisible = 0;
			defaultConfigurationName = Release;
		};
		EC709F102CD42763004270AC /* Build configuration list for PBXNativeTarget "MapboxScratchpad" */ = {
			isa = XCConfigurationList;
			buildConfigurations = (
				EC709F112CD42763004270AC /* Debug */,
				EC709F122CD42763004270AC /* Release */,
			);
			defaultConfigurationIsVisible = 0;
			defaultConfigurationName = Release;
		};
		EC709F132CD42763004270AC /* Build configuration list for PBXNativeTarget "MapboxScratchpadTests" */ = {
			isa = XCConfigurationList;
			buildConfigurations = (
				EC709F142CD42763004270AC /* Debug */,
				EC709F152CD42763004270AC /* Release */,
			);
			defaultConfigurationIsVisible = 0;
			defaultConfigurationName = Release;
		};
		EC709F162CD42763004270AC /* Build configuration list for PBXNativeTarget "MapboxScratchpadUITests" */ = {
			isa = XCConfigurationList;
			buildConfigurations = (
				EC709F172CD42763004270AC /* Debug */,
				EC709F182CD42763004270AC /* Release */,
			);
			defaultConfigurationIsVisible = 0;
			defaultConfigurationName = Release;
		};
/* End XCConfigurationList section */

/* Begin XCRemoteSwiftPackageReference section */
		EC709F212CD42852004270AC /* XCRemoteSwiftPackageReference "mapbox-maps-ios" */ = {
			isa = XCRemoteSwiftPackageReference;
			repositoryURL = "https://github.com/mapbox/mapbox-maps-ios.git";
			requirement = {
				kind = upToNextMinorVersion;
				minimumVersion = 11.7.1;
			};
		};
/* End XCRemoteSwiftPackageReference section */

/* Begin XCSwiftPackageProductDependency section */
		EC709F222CD42852004270AC /* MapboxMaps */ = {
			isa = XCSwiftPackageProductDependency;
			package = EC709F212CD42852004270AC /* XCRemoteSwiftPackageReference "mapbox-maps-ios" */;
			productName = MapboxMaps;
		};
/* End XCSwiftPackageProductDependency section */
	};
	rootObject = EC709EE42CD42761004270AC /* Project object */;
}
